{
  "name": "dcs-api-merge-poc",
  "version": "1.0.0",
  "lockfileVersion": 1,
  "requires": true,
  "dependencies": {
    "node-diff3": {
      "version": "2.1.0",
      "resolved": "https://registry.npmjs.org/node-diff3/-/node-diff3-2.1.0.tgz",
      "integrity": "sha512-m04x9YCoimejmtDeG33RyEiSY+o1oMqavIQC27xprayVxcdKRZyv0m5CY3yVrkhnv0Hg/vTw6AWtJ/0xmI2CLg=="
    }
  }
}
